
Microsoft Visual Studio Solution File, Format Version 12.00
# Visual Studio Version 17
VisualStudioVersion = 17.4.33110.190
MinimumVisualStudioVersion = 10.0.40219.1
Project("{FAE04EC0-301F-11D3-BF4B-00C04F79EFBC}") = "magicvilla_villaapi", "magicvilla_villaapi\magicvilla_villaapi.csproj", "{D6999A59-442A-4A62-A6B6-A67A02492B39}"
EndProject
Global
	GlobalSection(SolutionConfigurationPlatforms) = preSolution
		Debug|Any CPU = Debug|Any CPU
		Release|Any CPU = Release|Any CPU
	EndGlobalSection
	GlobalSection(ProjectConfigurationPlatforms) = postSolution
		{D6999A59-442A-4A62-A6B6-A67A02492B39}.Debug|Any CPU.ActiveCfg = Debug|Any CPU
		{D6999A59-442A-4A62-A6B6-A67A02492B39}.Debug|Any CPU.Build.0 = Debug|Any CPU
		{D6999A59-442A-4A62-A6B6-A67A02492B39}.Release|Any CPU.ActiveCfg = Release|Any CPU
		{D6999A59-442A-4A62-A6B6-A67A02492B39}.Release|Any CPU.Build.0 = Release|Any CPU
	EndGlobalSection
	GlobalSection(SolutionProperties) = preSolution
		HideSolutionNode = FALSE
	EndGlobalSection
	GlobalSection(ExtensibilityGlobals) = postSolution
		SolutionGuid = {DE9EA05C-F211-47B1-9E53-87D3EC896C74}
	EndGlobalSection
EndGlobal
